{
  "lockfileVersion": 1,
  "configVersion": 0,
  "workspaces": {
    "": {
      "name": "aql-language-server",
      "dependencies": {
        "chevrotain": "^11.0.3",
        "vscode-languageserver": "^8.1.0",
        "vscode-languageserver-textdocument": "^1.0.8",
      },
      "devDependencies": {
        "@types/node": "^16.11.7",
        "typescript": "^5.0.4",
      },
    },
  },
  "packages": {
    "@chevrotain/cst-dts-gen": ["@chevrotain/cst-dts-gen@11.0.3", "", { "dependencies": { "@chevrotain/gast": "11.0.3", "@chevrotain/types": "11.0.3", "lodash-es": "4.17.21" } }, "sha512-BvIKpRLeS/8UbfxXxgC33xOumsacaeCKAjAeLyOn7Pcp95HiRbrpl14S+9vaZLolnbssPIUuiUd8IvgkRyt6NQ=="],

    "@chevrotain/gast": ["@chevrotain/gast@11.0.3", "", { "dependencies": { "@chevrotain/types": "11.0.3", "lodash-es": "4.17.21" } }, "sha512-+qNfcoNk70PyS/uxmj3li5NiECO+2YKZZQMbmjTqRI3Qchu8Hig/Q9vgkHpI3alNjr7M+a2St5pw5w5F6NL5/Q=="],

    "@chevrotain/regexp-to-ast": ["@chevrotain/regexp-to-ast@11.0.3", "", {}, "sha512-1fMHaBZxLFvWI067AVbGJav1eRY7N8DDvYCTwGBiE/ytKBgP8azTdgyrKyWZ9Mfh09eHWb5PgTSO8wi7U824RA=="],

    "@chevrotain/types": ["@chevrotain/types@11.0.3", "", {}, "sha512-gsiM3G8b58kZC2HaWR50gu6Y1440cHiJ+i3JUvcp/35JchYejb2+5MVeJK0iKThYpAa/P2PYFV4hoi44HD+aHQ=="],

    "@chevrotain/utils": ["@chevrotain/utils@11.0.3", "", {}, "sha512-YslZMgtJUyuMbZ+aKvfF3x1f5liK4mWNxghFRv7jqRR9C3R3fAOGTTKvxXDa2Y1s9zSbcpuO0cAxDYsc9SrXoQ=="],

    "@types/node": ["@types/node@16.18.104", "", {}, "sha512-OF3keVCbfPlkzxnnDBUZJn1RiCJzKeadjiW0xTEb0G1SUJ5gDVb3qnzZr2T4uIFvsbKJbXy1v2DN7e2zaEY7jQ=="],

    "chevrotain": ["chevrotain@11.0.3", "", { "dependencies": { "@chevrotain/cst-dts-gen": "11.0.3", "@chevrotain/gast": "11.0.3", "@chevrotain/regexp-to-ast": "11.0.3", "@chevrotain/types": "11.0.3", "@chevrotain/utils": "11.0.3", "lodash-es": "4.17.21" } }, "sha512-ci2iJH6LeIkvP9eJW6gpueU8cnZhv85ELY8w8WiFtNjMHA5ad6pQLaJo9mEly/9qUyCpvqX8/POVUTf18/HFdw=="],

    "lodash-es": ["lodash-es@4.17.21", "", {}, "sha512-mKnC+QJ9pWVzv+C4/U3rRsHapFfHvQFoFB92e52xeyGMcX6/OlIl78je1u8vePzYZSkkogMPJ2yjxxsb89cxyw=="],

    "typescript": ["typescript@5.5.4", "", { "bin": { "tsc": "bin/tsc", "tsserver": "bin/tsserver" } }, "sha512-Mtq29sKDAEYP7aljRgtPOpTvOfbwRWlS6dPRzwjdE+C0R4brX/GUyhHSecbHMFLNBLcJIPt9nl9yG5TZ1weH+Q=="],

    "vscode-jsonrpc": ["vscode-jsonrpc@8.1.0", "", {}, "sha512-6TDy/abTQk+zDGYazgbIPc+4JoXdwC8NHU9Pbn4UJP1fehUyZmM4RHp5IthX7A6L5KS30PRui+j+tbbMMMafdw=="],

    "vscode-languageserver": ["vscode-languageserver@8.1.0", "", { "dependencies": { "vscode-languageserver-protocol": "3.17.3" }, "bin": { "installServerIntoExtension": "bin/installServerIntoExtension" } }, "sha512-eUt8f1z2N2IEUDBsKaNapkz7jl5QpskN2Y0G01T/ItMxBxw1fJwvtySGB9QMecatne8jFIWJGWI61dWjyTLQsw=="],

    "vscode-languageserver-protocol": ["vscode-languageserver-protocol@3.17.3", "", { "dependencies": { "vscode-jsonrpc": "8.1.0", "vscode-languageserver-types": "3.17.3" } }, "sha512-924/h0AqsMtA5yK22GgMtCYiMdCOtWTSGgUOkgEDX+wk2b0x4sAfLiO4NxBxqbiVtz7K7/1/RgVrVI0NClZwqA=="],

    "vscode-languageserver-textdocument": ["vscode-languageserver-textdocument@1.0.12", "", {}, "sha512-cxWNPesCnQCcMPeenjKKsOCKQZ/L6Tv19DTRIGuLWe32lyzWhihGVJ/rcckZXJxfdKCFvRLS3fpBIsV/ZGX4zA=="],

    "vscode-languageserver-types": ["vscode-languageserver-types@3.17.3", "", {}, "sha512-SYU4z1dL0PyIMd4Vj8YOqFvHu7Hz/enbWtpfnVbJHU4Nd1YNYx8u0ennumc6h48GQNeOLxmwySmnADouT/AuZA=="],
  }
}
